{
  "name": "js",
  "lockfileVersion": 3,
  "requires": true,
  "packages": {
    "": {
      "dependencies": {
        "lucide": "^0.522.0"
      }
    },
    "node_modules/lucide": {
      "version": "0.522.0",
      "resolved": "https://registry.npmjs.org/lucide/-/lucide-0.522.0.tgz",
      "integrity": "sha512-85Xqzt9tTP2QCgkjKWvCTPi3M9HjQvqRkLADmQTJuH3cOIjBLujGfDN4f0jm/qIFGCC51iRoFuwJ6wDh/9t3Iw=="
    }
  }
}
